
Microsoft Visual Studio Solution File, Format Version 12.00
# Visual Studio Version 16
VisualStudioVersion = 16.0.29905.134
MinimumVisualStudioVersion = 10.0.40219.1
Project("{9A19103F-16F7-4668-BE54-9A1E7A4F7556}") = "Restaurant.ConsoleApp", "Restaurant.ConsoleApp\Restaurant.ConsoleApp.csproj", "{F51CEBF7-2E83-49B7-A9C0-444DA28C94D1}"
EndProject
Project("{9A19103F-16F7-4668-BE54-9A1E7A4F7556}") = "Restaurant.Interface", "Restaurant.Interface\Restaurant.Interface.csproj", "{C5622CF6-8E96-4F86-A0D3-9B0BC876C13D}"
EndProject
Project("{9A19103F-16F7-4668-BE54-9A1E7A4F7556}") = "Restaurant.Domain", "Restaurant.Library\Restaurant.Domain.csproj", "{6FCDB1E9-7AF6-4B5A-9DBC-030CD53ED82B}"
EndProject
Project("{9A19103F-16F7-4668-BE54-9A1E7A4F7556}") = "Restaurant.DataAccess", "Restaurant.DataAccess\Restaurant.DataAccess.csproj", "{9D7ED143-FDC6-4089-BBF2-D244F7390A28}"
EndProject
Project("{9A19103F-16F7-4668-BE54-9A1E7A4F7556}") = "ClientMVC", "ClientMVC\ClientMVC.csproj", "{AFBDED7A-5BE2-431D-8D81-96B1CCBA26D5}"
EndProject
Global
	GlobalSection(SolutionConfigurationPlatforms) = preSolution
		Debug|Any CPU = Debug|Any CPU
		Release|Any CPU = Release|Any CPU
	EndGlobalSection
	GlobalSection(ProjectConfigurationPlatforms) = postSolution
		{F51CEBF7-2E83-49B7-A9C0-444DA28C94D1}.Debug|Any CPU.ActiveCfg = Debug|Any CPU
		{F51CEBF7-2E83-49B7-A9C0-444DA28C94D1}.Debug|Any CPU.Build.0 = Debug|Any CPU
		{F51CEBF7-2E83-49B7-A9C0-444DA28C94D1}.Release|Any CPU.ActiveCfg = Release|Any CPU
		{F51CEBF7-2E83-49B7-A9C0-444DA28C94D1}.Release|Any CPU.Build.0 = Release|Any CPU
		{C5622CF6-8E96-4F86-A0D3-9B0BC876C13D}.Debug|Any CPU.ActiveCfg = Debug|Any CPU
		{C5622CF6-8E96-4F86-A0D3-9B0BC876C13D}.Debug|Any CPU.Build.0 = Debug|Any CPU
		{C5622CF6-8E96-4F86-A0D3-9B0BC876C13D}.Release|Any CPU.ActiveCfg = Release|Any CPU
		{C5622CF6-8E96-4F86-A0D3-9B0BC876C13D}.Release|Any CPU.Build.0 = Release|Any CPU
		{6FCDB1E9-7AF6-4B5A-9DBC-030CD53ED82B}.Debug|Any CPU.ActiveCfg = Debug|Any CPU
		{6FCDB1E9-7AF6-4B5A-9DBC-030CD53ED82B}.Debug|Any CPU.Build.0 = Debug|Any CPU
		{6FCDB1E9-7AF6-4B5A-9DBC-030CD53ED82B}.Release|Any CPU.ActiveCfg = Release|Any CPU
		{6FCDB1E9-7AF6-4B5A-9DBC-030CD53ED82B}.Release|Any CPU.Build.0 = Release|Any CPU
		{9D7ED143-FDC6-4089-BBF2-D244F7390A28}.Debug|Any CPU.ActiveCfg = Debug|Any CPU
		{9D7ED143-FDC6-4089-BBF2-D244F7390A28}.Debug|Any CPU.Build.0 = Debug|Any CPU
		{9D7ED143-FDC6-4089-BBF2-D244F7390A28}.Release|Any CPU.ActiveCfg = Release|Any CPU
		{9D7ED143-FDC6-4089-BBF2-D244F7390A28}.Release|Any CPU.Build.0 = Release|Any CPU
		{AFBDED7A-5BE2-431D-8D81-96B1CCBA26D5}.Debug|Any CPU.ActiveCfg = Debug|Any CPU
		{AFBDED7A-5BE2-431D-8D81-96B1CCBA26D5}.Debug|Any CPU.Build.0 = Debug|Any CPU
		{AFBDED7A-5BE2-431D-8D81-96B1CCBA26D5}.Release|Any CPU.ActiveCfg = Release|Any CPU
		{AFBDED7A-5BE2-431D-8D81-96B1CCBA26D5}.Release|Any CPU.Build.0 = Release|Any CPU
	EndGlobalSection
	GlobalSection(SolutionProperties) = preSolution
		HideSolutionNode = FALSE
	EndGlobalSection
	GlobalSection(ExtensibilityGlobals) = postSolution
		SolutionGuid = {7E15B11C-C86F-4C64-9EED-DFE4A3B20672}
	EndGlobalSection
EndGlobal
